// !$*UTF8*$!
{
	archiveVersion = 1;
	classes = {
	};
	objectVersion = 55;
	objects = {

/* Begin PBXBuildFile section */
		EC56F99428C52F9000C242DC /* AppDelegate.swift in Sources */ = {isa = PBXBuildFile; fileRef = EC56F99328C52F9000C242DC /* AppDelegate.swift */; };
		EC56F99628C52F9000C242DC /* SceneDelegate.swift in Sources */ = {isa = PBXBuildFile; fileRef = EC56F99528C52F9000C242DC /* SceneDelegate.swift */; };
		EC56F99828C52F9000C242DC /* ViewController.swift in Sources */ = {isa = PBXBuildFile; fileRef = EC56F99728C52F9000C242DC /* ViewController.swift */; };
		EC56F99B28C52F9000C242DC /* Main.storyboard in Resources */ = {isa = PBXBuildFile; fileRef = EC56F99928C52F9000C242DC /* Main.storyboard */; };
		EC56F99D28C52F9100C242DC /* Assets.xcassets in Resources */ = {isa = PBXBuildFile; fileRef = EC56F99C28C52F9100C242DC /* Assets.xcassets */; };
		EC56F9A028C52F9100C242DC /* LaunchScreen.storyboard in Resources */ = {isa = PBXBuildFile; fileRef = EC56F99E28C52F9100C242DC /* LaunchScreen.storyboard */; };
		EC56F9A828C6363000C242DC /* CalculatorLogic.swift in Sources */ = {isa = PBXBuildFile; fileRef = EC56F9A728C6363000C242DC /* CalculatorLogic.swift */; };
/* End PBXBuildFile section */

/* Begin PBXFileReference section */
		EC56F99028C52F9000C242DC /* AdvancedCalculator.app */ = {isa = PBXFileReference; explicitFileType = wrapper.application; includeInIndex = 0; path = AdvancedCalculator.app; sourceTree = BUILT_PRODUCTS_DIR; };
		EC56F99328C52F9000C242DC /* AppDelegate.swift */ = {isa = PBXFileReference; lastKnownFileType = sourcecode.swift; path = AppDelegate.swift; sourceTree = "<group>"; };
		EC56F99528C52F9000C242DC /* SceneDelegate.swift */ = {isa = PBXFileReference; lastKnownFileType = sourcecode.swift; path = SceneDelegate.swift; sourceTree = "<group>"; };
		EC56F99728C52F9000C242DC /* ViewController.swift */ = {isa = PBXFileReference; lastKnownFileType = sourcecode.swift; path = ViewController.swift; sourceTree = "<group>"; };
		EC56F99A28C52F9000C242DC /* Base */ = {isa = PBXFileReference; lastKnownFileType = file.storyboard; name = Base; path = Base.lproj/Main.storyboard; sourceTree = "<group>"; };
		EC56F99C28C52F9100C242DC /* Assets.xcassets */ = {isa = PBXFileReference; lastKnownFileType = folder.assetcatalog; path = Assets.xcassets; sourceTree = "<group>"; };
		EC56F99F28C52F9100C242DC /* Base */ = {isa = PBXFileReference; lastKnownFileType = file.storyboard; name = Base; path = Base.lproj/LaunchScreen.storyboard; sourceTree = "<group>"; };
		EC56F9A128C52F9100C242DC /* Info.plist */ = {isa = PBXFileReference; lastKnownFileType = text.plist.xml; path = Info.plist; sourceTree = "<group>"; };
		EC56F9A728C6363000C242DC /* CalculatorLogic.swift */ = {isa = PBXFileReference; lastKnownFileType = sourcecode.swift; path = CalculatorLogic.swift; sourceTree = "<group>"; };
/* End PBXFileReference section */

/* Begin PBXFrameworksBuildPhase section */
		EC56F98D28C52F9000C242DC /* Frameworks */ = {
			isa = PBXFrameworksBuildPhase;
			buildActionMask = 2147483647;
			files = (
			);
			runOnlyForDeploymentPostprocessing = 0;
		};
/* End PBXFrameworksBuildPhase section */

/* Begin PBXGroup section */
		EC56F98728C52F9000C242DC = {
			isa = PBXGroup;
			children = (
				EC56F99228C52F9000C242DC /* AdvancedCalculator */,
				EC56F99128C52F9000C242DC /* Products */,
			);
			sourceTree = "<group>";
		};
		EC56F99128C52F9000C242DC /* Products */ = {
			isa = PBXGroup;
			children = (
				EC56F99028C52F9000C242DC /* AdvancedCalculator.app */,
			);
			name = Products;
			sourceTree = "<group>";
		};
		EC56F99228C52F9000C242DC /* AdvancedCalculator */ = {
			isa = PBXGroup;
			children = (
				EC56F9AC28C6366F00C242DC /* App */,
				EC56F9A928C6365600C242DC /* Model */,
				EC56F9AB28C6366400C242DC /* View */,
				EC56F9AA28C6365C00C242DC /* Controller */,
				EC56F9AD28C6367C00C242DC /* Resources */,
			);
			path = AdvancedCalculator;
			sourceTree = "<group>";
		};
		EC56F9A928C6365600C242DC /* Model */ = {
			isa = PBXGroup;
			children = (
				EC56F9A728C6363000C242DC /* CalculatorLogic.swift */,
			);
			path = Model;
			sourceTree = "<group>";
		};
		EC56F9AA28C6365C00C242DC /* Controller */ = {
			isa = PBXGroup;
			children = (
				EC56F99728C52F9000C242DC /* ViewController.swift */,
			);
			path = Controller;
			sourceTree = "<group>";
		};
		EC56F9AB28C6366400C242DC /* View */ = {
			isa = PBXGroup;
			children = (
				EC56F99928C52F9000C242DC /* Main.storyboard */,
			);
			path = View;
			sourceTree = "<group>";
		};
		EC56F9AC28C6366F00C242DC /* App */ = {
			isa = PBXGroup;
			children = (
				EC56F99328C52F9000C242DC /* AppDelegate.swift */,
				EC56F99528C52F9000C242DC /* SceneDelegate.swift */,
			);
			path = App;
			sourceTree = "<group>";
		};
		EC56F9AD28C6367C00C242DC /* Resources */ = {
			isa = PBXGroup;
			children = (
				EC56F9A128C52F9100C242DC /* Info.plist */,
				EC56F99E28C52F9100C242DC /* LaunchScreen.storyboard */,
				EC56F99C28C52F9100C242DC /* Assets.xcassets */,
			);
			path = Resources;
			sourceTree = "<group>";
		};
/* End PBXGroup section */

/* Begin PBXNativeTarget section */
		EC56F98F28C52F9000C242DC /* AdvancedCalculator */ = {
			isa = PBXNativeTarget;
			buildConfigurationList = EC56F9A428C52F9100C242DC /* Build configuration list for PBXNativeTarget "AdvancedCalculator" */;
			buildPhases = (
				EC56F98C28C52F9000C242DC /* Sources */,
				EC56F98D28C52F9000C242DC /* Frameworks */,
				EC56F98E28C52F9000C242DC /* Resources */,
			);
			buildRules = (
			);
			dependencies = (
			);
			name = AdvancedCalculator;
			productName = AdvancedCalculator;
			productReference = EC56F99028C52F9000C242DC /* AdvancedCalculator.app */;
			productType = "com.apple.product-type.application";
		};
/* End PBXNativeTarget section */

/* Begin PBXProject section */
		EC56F98828C52F9000C242DC /* Project object */ = {
			isa = PBXProject;
			attributes = {
				BuildIndependentTargetsInParallel = 1;
				LastSwiftUpdateCheck = 1320;
				LastUpgradeCheck = 1320;
				TargetAttributes = {
					EC56F98F28C52F9000C242DC = {
						CreatedOnToolsVersion = 13.2.1;
					};
				};
			};
			buildConfigurationList = EC56F98B28C52F9000C242DC /* Build configuration list for PBXProject "AdvancedCalculator" */;
			compatibilityVersion = "Xcode 13.0";
			developmentRegion = en;
			hasScannedForEncodings = 0;
			knownRegions = (
				en,
				Base,
			);
			mainGroup = EC56F98728C52F9000C242DC;
			productRefGroup = EC56F99128C52F9000C242DC /* Products */;
			projectDirPath = "";
			projectRoot = "";
			targets = (
				EC56F98F28C52F9000C242DC /* AdvancedCalculator */,
			);
		};
/* End PBXProject section */

/* Begin PBXResourcesBuildPhase section */
		EC56F98E28C52F9000C242DC /* Resources */ = {
			isa = PBXResourcesBuildPhase;
			buildActionMask = 2147483647;
			files = (
				EC56F9A028C52F9100C242DC /* LaunchScreen.storyboard in Resources */,
				EC56F99D28C52F9100C242DC /* Assets.xcassets in Resources */,
				EC56F99B28C52F9000C242DC /* Main.storyboard in Resources */,
			);
			runOnlyForDeploymentPostprocessing = 0;
		};
/* End PBXResourcesBuildPhase section */

/* Begin PBXSourcesBuildPhase section */
		EC56F98C28C52F9000C242DC /* Sources */ = {
			isa = PBXSourcesBuildPhase;
			buildActionMask = 2147483647;
			files = (
				EC56F9A828C6363000C242DC /* CalculatorLogic.swift in Sources */,
				EC56F99828C52F9000C242DC /* ViewController.swift in Sources */,
				EC56F99428C52F9000C242DC /* AppDelegate.swift in Sources */,
				EC56F99628C52F9000C242DC /* SceneDelegate.swift in Sources */,
			);
			runOnlyForDeploymentPostprocessing = 0;
		};
/* End PBXSourcesBuildPhase section */

/* Begin PBXVariantGroup section */
		EC56F99928C52F9000C242DC /* Main.storyboard */ = {
			isa = PBXVariantGroup;
			children = (
				EC56F99A28C52F9000C242DC /* Base */,
			);
			name = Main.storyboard;
			sourceTree = "<group>";
		};
		EC56F99E28C52F9100C242DC /* LaunchScreen.storyboard */ = {
			isa = PBXVariantGroup;
			children = (
				EC56F99F28C52F9100C242DC /* Base */,
			);
			name = LaunchScreen.storyboard;
			sourceTree = "<group>";
		};
/* End PBXVariantGroup section */

/* Begin XCBuildConfiguration section */
		EC56F9A228C52F9100C242DC /* Debug */ = {
			isa = XCBuildConfiguration;
			buildSettings = {
				ALWAYS_SEARCH_USER_PATHS = NO;
				CLANG_ANALYZER_NONNULL = YES;
				CLANG_ANALYZER_NUMBER_OBJECT_CONVERSION = YES_AGGRESSIVE;
				CLANG_CXX_LANGUAGE_STANDARD = "gnu++17";
				CLANG_CXX_LIBRARY = "libc++";
				CLANG_ENABLE_MODULES = YES;
				CLANG_ENABLE_OBJC_ARC = YES;
				CLANG_ENABLE_OBJC_WEAK = YES;
				CLANG_WARN_BLOCK_CAPTURE_AUTORELEASING = YES;
				CLANG_WARN_BOOL_CONVERSION = YES;
				CLANG_WARN_COMMA = YES;
				CLANG_WARN_CONSTANT_CONVERSION = YES;
				CLANG_WARN_DEPRECATED_OBJC_IMPLEMENTATIONS = YES;
				CLANG_WARN_DIRECT_OBJC_ISA_USAGE = YES_ERROR;
				CLANG_WARN_DOCUMENTATION_COMMENTS = YES;
				CLANG_WARN_EMPTY_BODY = YES;
				CLANG_WARN_ENUM_CONVERSION = YES;
				CLANG_WARN_INFINITE_RECURSION = YES;
				CLANG_WARN_INT_CONVERSION = YES;
				CLANG_WARN_NON_LITERAL_NULL_CONVERSION = YES;
				CLANG_WARN_OBJC_IMPLICIT_RETAIN_SELF = YES;
				CLANG_WARN_OBJC_LITERAL_CONVERSION = YES;
				CLANG_WARN_OBJC_ROOT_CLASS = YES_ERROR;
				CLANG_WARN_QUOTED_INCLUDE_IN_FRAMEWORK_HEADER = YES;
				CLANG_WARN_RANGE_LOOP_ANALYSIS = YES;
				CLANG_WARN_STRICT_PROTOTYPES = YES;
				CLANG_WARN_SUSPICIOUS_MOVE = YES;
				CLANG_WARN_UNGUARDED_AVAILABILITY = YES_AGGRESSIVE;
				CLANG_WARN_UNREACHABLE_CODE = YES;
				CLANG_WARN__DUPLICATE_METHOD_MATCH = YES;
				COPY_PHASE_STRIP = NO;
				DEBUG_INFORMATION_FORMAT = dwarf;
				ENABLE_STRICT_OBJC_MSGSEND = YES;
				ENABLE_TESTABILITY = YES;
				GCC_C_LANGUAGE_STANDARD = gnu11;
				GCC_DYNAMIC_NO_PIC = NO;
				GCC_NO_COMMON_BLOCKS = YES;
				GCC_OPTIMIZATION_LEVEL = 0;
				GCC_PREPROCESSOR_DEFINITIONS = (
					"DEBUG=1",
					"$(inherited)",
				);
				GCC_WARN_64_TO_32_BIT_CONVERSION = YES;
				GCC_WARN_ABOUT_RETURN_TYPE = YES_ERROR;
				GCC_WARN_UNDECLARED_SELECTOR = YES;
				GCC_WARN_UNINITIALIZED_AUTOS = YES_AGGRESSIVE;
				GCC_WARN_UNUSED_FUNCTION = YES;
				GCC_WARN_UNUSED_VARIABLE = YES;
				IPHONEOS_DEPLOYMENT_TARGET = 15.2;
				MTL_ENABLE_DEBUG_INFO = INCLUDE_SOURCE;
				MTL_FAST_MATH = YES;
				ONLY_ACTIVE_ARCH = YES;
				SDKROOT = iphoneos;
				SWIFT_ACTIVE_COMPILATION_CONDITIONS = DEBUG;
				SWIFT_OPTIMIZATION_LEVEL = "-Onone";
			};
			name = Debug;
		};
		EC56F9A328C52F9100C242DC /* Release */ = {
			isa = XCBuildConfiguration;
			buildSettings = {
				ALWAYS_SEARCH_USER_PATHS = NO;
				CLANG_ANALYZER_NONNULL = YES;
				CLANG_ANALYZER_NUMBER_OBJECT_CONVERSION = YES_AGGRESSIVE;
				CLANG_CXX_LANGUAGE_STANDARD = "gnu++17";
				CLANG_CXX_LIBRARY = "libc++";
				CLANG_ENABLE_MODULES = YES;
				CLANG_ENABLE_OBJC_ARC = YES;
				CLANG_ENABLE_OBJC_WEAK = YES;
				CLANG_WARN_BLOCK_CAPTURE_AUTORELEASING = YES;
				CLANG_WARN_BOOL_CONVERSION = YES;
				CLANG_WARN_COMMA = YES;
				CLANG_WARN_CONSTANT_CONVERSION = YES;
				CLANG_WARN_DEPRECATED_OBJC_IMPLEMENTATIONS = YES;
				CLANG_WARN_DIRECT_OBJC_ISA_USAGE = YES_ERROR;
				CLANG_WARN_DOCUMENTATION_COMMENTS = YES;
				CLANG_WARN_EMPTY_BODY = YES;
				CLANG_WARN_ENUM_CONVERSION = YES;
				CLANG_WARN_INFINITE_RECURSION = YES;
				CLANG_WARN_INT_CONVERSION = YES;
				CLANG_WARN_NON_LITERAL_NULL_CONVERSION = YES;
				CLANG_WARN_OBJC_IMPLICIT_RETAIN_SELF = YES;
				CLANG_WARN_OBJC_LITERAL_CONVERSION = YES;
				CLANG_WARN_OBJC_ROOT_CLASS = YES_ERROR;
				CLANG_WARN_QUOTED_INCLUDE_IN_FRAMEWORK_HEADER = YES;
				CLANG_WARN_RANGE_LOOP_ANALYSIS = YES;
				CLANG_WARN_STRICT_PROTOTYPES = YES;
				CLANG_WARN_SUSPICIOUS_MOVE = YES;
				CLANG_WARN_UNGUARDED_AVAILABILITY = YES_AGGRESSIVE;
				CLANG_WARN_UNREACHABLE_CODE = YES;
				CLANG_WARN__DUPLICATE_METHOD_MATCH = YES;
				COPY_PHASE_STRIP = NO;
				DEBUG_INFORMATION_FORMAT = "dwarf-with-dsym";
				ENABLE_NS_ASSERTIONS = NO;
				ENABLE_STRICT_OBJC_MSGSEND = YES;
				GCC_C_LANGUAGE_STANDARD = gnu11;
				GCC_NO_COMMON_BLOCKS = YES;
				GCC_WARN_64_TO_32_BIT_CONVERSION = YES;
				GCC_WARN_ABOUT_RETURN_TYPE = YES_ERROR;
				GCC_WARN_UNDECLARED_SELECTOR = YES;
				GCC_WARN_UNINITIALIZED_AUTOS = YES_AGGRESSIVE;
				GCC_WARN_UNUSED_FUNCTION = YES;
				GCC_WARN_UNUSED_VARIABLE = YES;
				IPHONEOS_DEPLOYMENT_TARGET = 15.2;
				MTL_ENABLE_DEBUG_INFO = NO;
				MTL_FAST_MATH = YES;
				SDKROOT = iphoneos;
				SWIFT_COMPILATION_MODE = wholemodule;
				SWIFT_OPTIMIZATION_LEVEL = "-O";
				VALIDATE_PRODUCT = YES;
			};
			name = Release;
		};
		EC56F9A528C52F9100C242DC /* Debug */ = {
			isa = XCBuildConfiguration;
			buildSettings = {
				ASSETCATALOG_COMPILER_APPICON_NAME = AppIcon;
				ASSETCATALOG_COMPILER_GLOBAL_ACCENT_COLOR_NAME = AccentColor;
				CODE_SIGN_STYLE = Automatic;
				CURRENT_PROJECT_VERSION = 1;
				DEVELOPMENT_TEAM = 3KRQW7JR73;
				GENERATE_INFOPLIST_FILE = YES;
				INFOPLIST_FILE = AdvancedCalculator/Resources/Info.plist;
				INFOPLIST_KEY_UIApplicationSupportsIndirectInputEvents = YES;
				INFOPLIST_KEY_UILaunchStoryboardName = LaunchScreen;
				INFOPLIST_KEY_UIMainStoryboardFile = Main;
				INFOPLIST_KEY_UISupportedInterfaceOrientations_iPad = "UIInterfaceOrientationPortrait UIInterfaceOrientationPortraitUpsideDown UIInterfaceOrientationLandscapeLeft UIInterfaceOrientationLandscapeRight";
				INFOPLIST_KEY_UISupportedInterfaceOrientations_iPhone = "UIInterfaceOrientationPortrait UIInterfaceOrientationLandscapeLeft UIInterfaceOrientationLandscapeRight";
				LD_RUNPATH_SEARCH_PATHS = (
					"$(inherited)",
					"@executable_path/Frameworks",
				);
				MARKETING_VERSION = 1.0;
				PRODUCT_BUNDLE_IDENTIFIER = enes.AdvancedCalculator;
				PRODUCT_NAME = "$(TARGET_NAME)";
				SWIFT_EMIT_LOC_STRINGS = YES;
				SWIFT_VERSION = 5.0;
				TARGETED_DEVICE_FAMILY = 1;
			};
			name = Debug;
		};
		EC56F9A628C52F9100C242DC /* Release */ = {
			isa = XCBuildConfiguration;
			buildSettings = {
				ASSETCATALOG_COMPILER_APPICON_NAME = AppIcon;
				ASSETCATALOG_COMPILER_GLOBAL_ACCENT_COLOR_NAME = AccentColor;
				CODE_SIGN_STYLE = Automatic;
				CURRENT_PROJECT_VERSION = 1;
				DEVELOPMENT_TEAM = 3KRQW7JR73;
				GENERATE_INFOPLIST_FILE = YES;
				INFOPLIST_FILE = AdvancedCalculator/Resources/Info.plist;
				INFOPLIST_KEY_UIApplicationSupportsIndirectInputEvents = YES;
				INFOPLIST_KEY_UILaunchStoryboardName = LaunchScreen;
				INFOPLIST_KEY_UIMainStoryboardFile = Main;
				INFOPLIST_KEY_UISupportedInterfaceOrientations_iPad = "UIInterfaceOrientationPortrait UIInterfaceOrientationPortraitUpsideDown UIInterfaceOrientationLandscapeLeft UIInterfaceOrientationLandscapeRight";
				INFOPLIST_KEY_UISupportedInterfaceOrientations_iPhone = "UIInterfaceOrientationPortrait UIInterfaceOrientationLandscapeLeft UIInterfaceOrientationLandscapeRight";
				LD_RUNPATH_SEARCH_PATHS = (
					"$(inherited)",
					"@executable_path/Frameworks",
				);
				MARKETING_VERSION = 1.0;
				PRODUCT_BUNDLE_IDENTIFIER = enes.AdvancedCalculator;
				PRODUCT_NAME = "$(TARGET_NAME)";
				SWIFT_EMIT_LOC_STRINGS = YES;
				SWIFT_VERSION = 5.0;
				TARGETED_DEVICE_FAMILY = 1;
			};
			name = Release;
		};
/* End XCBuildConfiguration section */

/* Begin XCConfigurationList section */
		EC56F98B28C52F9000C242DC /* Build configuration list for PBXProject "AdvancedCalculator" */ = {
			isa = XCConfigurationList;
			buildConfigurations = (
				EC56F9A228C52F9100C242DC /* Debug */,
				EC56F9A328C52F9100C242DC /* Release */,
			);
			defaultConfigurationIsVisible = 0;
			defaultConfigurationName = Release;
		};
		EC56F9A428C52F9100C242DC /* Build configuration list for PBXNativeTarget "AdvancedCalculator" */ = {
			isa = XCConfigurationList;
			buildConfigurations = (
				EC56F9A528C52F9100C242DC /* Debug */,
				EC56F9A628C52F9100C242DC /* Release */,
			);
			defaultConfigurationIsVisible = 0;
			defaultConfigurationName = Release;
		};
/* End XCConfigurationList section */
	};
	rootObject = EC56F98828C52F9000C242DC /* Project object */;
}
